
Microsoft Visual Studio Solution File, Format Version 12.00
# Visual Studio Version 17
VisualStudioVersion = 17.2.32602.215
MinimumVisualStudioVersion = 10.0.40219.1
Project("{FAE04EC0-301F-11D3-BF4B-00C04F79EFBC}") = "AMG-page", "AMG-page\AMG-page.csproj", "{97A734A8-6A9A-4D2E-8FB2-BE0C21B4CFE8}"
EndProject
Global
	GlobalSection(SolutionConfigurationPlatforms) = preSolution
		Debug|Any CPU = Debug|Any CPU
		Release|Any CPU = Release|Any CPU
	EndGlobalSection
	GlobalSection(ProjectConfigurationPlatforms) = postSolution
		{97A734A8-6A9A-4D2E-8FB2-BE0C21B4CFE8}.Debug|Any CPU.ActiveCfg = Debug|Any CPU
		{97A734A8-6A9A-4D2E-8FB2-BE0C21B4CFE8}.Debug|Any CPU.Build.0 = Debug|Any CPU
		{97A734A8-6A9A-4D2E-8FB2-BE0C21B4CFE8}.Release|Any CPU.ActiveCfg = Release|Any CPU
		{97A734A8-6A9A-4D2E-8FB2-BE0C21B4CFE8}.Release|Any CPU.Build.0 = Release|Any CPU
	EndGlobalSection
	GlobalSection(SolutionProperties) = preSolution
		HideSolutionNode = FALSE
	EndGlobalSection
	GlobalSection(ExtensibilityGlobals) = postSolution
		SolutionGuid = {FCB58137-8501-4082-B7C2-70D34CAAD5B7}
	EndGlobalSection
EndGlobal
